{
  "version": 4,
  "terraform_version": "1.6.3",
  "serial": 712,
  "lineage": "6954dfe2-c364-6612-4660-8d54d31656d5",
  "outputs": {
    "iam_name": {
      "value": "poc-iam",
      "type": "string"
    },
    "vpc_id": {
      "value": "vpc-68f0ee0f",
      "type": "string"
    }
  },
  "resources": [
    {
      "mode": "managed",
      "type": "aws_db_subnet_group",
      "name": "aurora_subnet_group",
      "provider": "provider[\"registry.terraform.io/hashicorp/aws\"]",
      "instances": [
        {
          "schema_version": 0,
          "attributes": {
            "arn": "arn:aws:rds:ap-southeast-1:829282483222:subgrp:aurora-db-subnet-group",
            "description": "Subnet group for RDS instances",
            "id": "aurora-db-subnet-group",
            "name": "aurora-db-subnet-group",
            "name_prefix": "",
            "subnet_ids": [
              "subnet-0428e81a33cf520a6",
              "subnet-0467ebd27d2e6d24c",
              "subnet-0f98d3d7b5737fead"
            ],
            "supported_network_types": [
              "IPV4"
            ],
            "tags": {
              "Name": "aurora-subnet-group"
            },
            "tags_all": {
              "Name": "aurora-subnet-group"
            },
            "vpc_id": "vpc-68f0ee0f"
          },
          "sensitive_attributes": [],
          "private": "bnVsbA=="
        }
      ]
    },
    {
      "module": "module.aurora_db",
      "mode": "managed",
      "type": "aws_rds_cluster",
      "name": "aurora_cluster",
      "provider": "provider[\"registry.terraform.io/hashicorp/aws\"]",
      "instances": [
        {
          "schema_version": 1,
          "attributes": {
            "allocated_storage": 1,
            "allow_major_version_upgrade": null,
            "apply_immediately": null,
            "arn": "arn:aws:rds:ap-southeast-1:829282483222:cluster:aurora-cluster",
            "availability_zones": [
              "ap-southeast-1a",
              "ap-southeast-1b",
              "ap-southeast-1c"
            ],
            "backtrack_window": 0,
            "backup_retention_period": 1,
            "ca_certificate_identifier": null,
            "ca_certificate_valid_till": null,
            "cluster_identifier": "aurora-cluster",
            "cluster_identifier_prefix": "",
            "cluster_members": [],
            "cluster_resource_id": "cluster-XJJNRVWGXL7PFLJ5HAKI4JO3XA",
            "copy_tags_to_snapshot": false,
            "database_name": "mydb",
            "db_cluster_instance_class": "",
            "db_cluster_parameter_group_name": "default.aurora-mysql8.0",
            "db_instance_parameter_group_name": null,
            "db_subnet_group_name": "aurora-db-subnet-group",
            "db_system_id": "",
            "delete_automated_backups": true,
            "deletion_protection": false,
            "domain": "",
            "domain_iam_role_name": "",
            "enable_global_write_forwarding": false,
            "enable_http_endpoint": false,
            "enable_local_write_forwarding": false,
            "enabled_cloudwatch_logs_exports": null,
            "endpoint": "aurora-cluster.cluster-cn2gxi4iqaqk.ap-southeast-1.rds.amazonaws.com",
            "engine": "aurora-mysql",
            "engine_lifecycle_support": "",
            "engine_mode": "provisioned",
            "engine_version": "8.0.mysql_aurora.3.05.2",
            "engine_version_actual": "8.0.mysql_aurora.3.05.2",
            "final_snapshot_identifier": null,
            "global_cluster_identifier": "",
            "hosted_zone_id": "Z2G0U3KFCY8NZ5",
            "iam_database_authentication_enabled": false,
            "iam_roles": [],
            "id": "aurora-cluster",
            "iops": 0,
            "kms_key_id": "",
            "manage_master_user_password": null,
            "master_password": "test12345",
            "master_user_secret": [],
            "master_user_secret_kms_key_id": null,
            "master_username": "admin",
            "network_type": "IPV4",
            "performance_insights_enabled": false,
            "performance_insights_kms_key_id": "",
            "performance_insights_retention_period": 0,
            "port": 3306,
            "preferred_backup_window": "17:11-17:41",
            "preferred_maintenance_window": "fri:17:50-fri:18:20",
            "reader_endpoint": "aurora-cluster.cluster-ro-cn2gxi4iqaqk.ap-southeast-1.rds.amazonaws.com",
            "replication_source_identifier": "",
            "restore_to_point_in_time": [],
            "s3_import": [],
            "scaling_configuration": [],
            "serverlessv2_scaling_configuration": [],
            "skip_final_snapshot": false,
            "snapshot_identifier": null,
            "source_region": null,
            "storage_encrypted": false,
            "storage_type": "",
            "tags": null,
            "tags_all": {},
            "timeouts": null,
            "vpc_security_group_ids": [
              "sg-e9828e9a"
            ]
          },
          "sensitive_attributes": [],
          "private": "eyJlMmJmYjczMC1lY2FhLTExZTYtOGY4OC0zNDM2M2JjN2M0YzAiOnsiY3JlYXRlIjo3MjAwMDAwMDAwMDAwLCJkZWxldGUiOjcyMDAwMDAwMDAwMDAsInVwZGF0ZSI6NzIwMDAwMDAwMDAwMH0sInNjaGVtYV92ZXJzaW9uIjoiMSJ9",
          "dependencies": [
            "aws_db_subnet_group.aurora_subnet_group"
          ]
        }
      ]
    },
    {
      "module": "module.aurora_db",
      "mode": "managed",
      "type": "aws_rds_cluster_instance",
      "name": "cluster_instances",
      "provider": "provider[\"registry.terraform.io/hashicorp/aws\"]",
      "instances": [
        {
          "index_key": 0,
          "schema_version": 0,
          "attributes": {
            "apply_immediately": null,
            "arn": "arn:aws:rds:ap-southeast-1:829282483222:db:aurora-cluster-demo-0",
            "auto_minor_version_upgrade": true,
            "availability_zone": "ap-southeast-1a",
            "ca_cert_identifier": "rds-ca-rsa2048-g1",
            "cluster_identifier": "aurora-cluster",
            "copy_tags_to_snapshot": false,
            "custom_iam_instance_profile": "",
            "db_parameter_group_name": "default.aurora-mysql8.0",
            "db_subnet_group_name": "aurora-db-subnet-group",
            "dbi_resource_id": "db-CUKFGFJY37AN4FE4LOGJAQTGFA",
            "endpoint": "aurora-cluster-demo-0.cn2gxi4iqaqk.ap-southeast-1.rds.amazonaws.com",
            "engine": "aurora-mysql",
            "engine_version": "8.0.mysql_aurora.3.05.2",
            "engine_version_actual": "8.0.mysql_aurora.3.05.2",
            "id": "aurora-cluster-demo-0",
            "identifier": "aurora-cluster-demo-0",
            "identifier_prefix": "",
            "instance_class": "db.t3.medium",
            "kms_key_id": "",
            "monitoring_interval": 0,
            "monitoring_role_arn": "",
            "network_type": "IPV4",
            "performance_insights_enabled": false,
            "performance_insights_kms_key_id": "",
            "performance_insights_retention_period": 0,
            "port": 3306,
            "preferred_backup_window": "17:11-17:41",
            "preferred_maintenance_window": "sun:19:45-sun:20:15",
            "promotion_tier": 0,
            "publicly_accessible": false,
            "storage_encrypted": false,
            "tags": null,
            "tags_all": {},
            "timeouts": null,
            "writer": false
          },
          "sensitive_attributes": [],
          "private": "eyJlMmJmYjczMC1lY2FhLTExZTYtOGY4OC0zNDM2M2JjN2M0YzAiOnsiY3JlYXRlIjo1NDAwMDAwMDAwMDAwLCJkZWxldGUiOjU0MDAwMDAwMDAwMDAsInVwZGF0ZSI6NTQwMDAwMDAwMDAwMH19",
          "dependencies": [
            "aws_db_subnet_group.aurora_subnet_group",
            "module.aurora_db.aws_rds_cluster.aurora_cluster"
          ]
        },
        {
          "index_key": 1,
          "schema_version": 0,
          "attributes": {
            "apply_immediately": null,
            "arn": "arn:aws:rds:ap-southeast-1:829282483222:db:aurora-cluster-demo-1",
            "auto_minor_version_upgrade": true,
            "availability_zone": "ap-southeast-1c",
            "ca_cert_identifier": "rds-ca-rsa2048-g1",
            "cluster_identifier": "aurora-cluster",
            "copy_tags_to_snapshot": false,
            "custom_iam_instance_profile": "",
            "db_parameter_group_name": "default.aurora-mysql8.0",
            "db_subnet_group_name": "aurora-db-subnet-group",
            "dbi_resource_id": "db-RGZHHKCFAF2WRIYM3BX6LMX5AI",
            "endpoint": "aurora-cluster-demo-1.cn2gxi4iqaqk.ap-southeast-1.rds.amazonaws.com",
            "engine": "aurora-mysql",
            "engine_version": "8.0.mysql_aurora.3.05.2",
            "engine_version_actual": "8.0.mysql_aurora.3.05.2",
            "id": "aurora-cluster-demo-1",
            "identifier": "aurora-cluster-demo-1",
            "identifier_prefix": "",
            "instance_class": "db.t3.medium",
            "kms_key_id": "",
            "monitoring_interval": 0,
            "monitoring_role_arn": "",
            "network_type": "IPV4",
            "performance_insights_enabled": false,
            "performance_insights_kms_key_id": "",
            "performance_insights_retention_period": 0,
            "port": 3306,
            "preferred_backup_window": "17:11-17:41",
            "preferred_maintenance_window": "sun:18:41-sun:19:11",
            "promotion_tier": 0,
            "publicly_accessible": false,
            "storage_encrypted": false,
            "tags": null,
            "tags_all": {},
            "timeouts": null,
            "writer": true
          },
          "sensitive_attributes": [],
          "private": "eyJlMmJmYjczMC1lY2FhLTExZTYtOGY4OC0zNDM2M2JjN2M0YzAiOnsiY3JlYXRlIjo1NDAwMDAwMDAwMDAwLCJkZWxldGUiOjU0MDAwMDAwMDAwMDAsInVwZGF0ZSI6NTQwMDAwMDAwMDAwMH19",
          "dependencies": [
            "aws_db_subnet_group.aurora_subnet_group",
            "module.aurora_db.aws_rds_cluster.aurora_cluster"
          ]
        },
        {
          "index_key": 2,
          "schema_version": 0,
          "attributes": {
            "apply_immediately": null,
            "arn": "arn:aws:rds:ap-southeast-1:829282483222:db:aurora-cluster-demo-2",
            "auto_minor_version_upgrade": true,
            "availability_zone": "ap-southeast-1b",
            "ca_cert_identifier": "rds-ca-rsa2048-g1",
            "cluster_identifier": "aurora-cluster",
            "copy_tags_to_snapshot": false,
            "custom_iam_instance_profile": "",
            "db_parameter_group_name": "default.aurora-mysql8.0",
            "db_subnet_group_name": "aurora-db-subnet-group",
            "dbi_resource_id": "db-ZX2JTWX77QVA3MUT4ET3SBAZJM",
            "endpoint": "aurora-cluster-demo-2.cn2gxi4iqaqk.ap-southeast-1.rds.amazonaws.com",
            "engine": "aurora-mysql",
            "engine_version": "8.0.mysql_aurora.3.05.2",
            "engine_version_actual": "8.0.mysql_aurora.3.05.2",
            "id": "aurora-cluster-demo-2",
            "identifier": "aurora-cluster-demo-2",
            "identifier_prefix": "",
            "instance_class": "db.t3.medium",
            "kms_key_id": "",
            "monitoring_interval": 0,
            "monitoring_role_arn": "",
            "network_type": "IPV4",
            "performance_insights_enabled": false,
            "performance_insights_kms_key_id": "",
            "performance_insights_retention_period": 0,
            "port": 3306,
            "preferred_backup_window": "17:11-17:41",
            "preferred_maintenance_window": "sun:21:18-sun:21:48",
            "promotion_tier": 0,
            "publicly_accessible": false,
            "storage_encrypted": false,
            "tags": null,
            "tags_all": {},
            "timeouts": null,
            "writer": false
          },
          "sensitive_attributes": [],
          "private": "eyJlMmJmYjczMC1lY2FhLTExZTYtOGY4OC0zNDM2M2JjN2M0YzAiOnsiY3JlYXRlIjo1NDAwMDAwMDAwMDAwLCJkZWxldGUiOjU0MDAwMDAwMDAwMDAsInVwZGF0ZSI6NTQwMDAwMDAwMDAwMH19",
          "dependencies": [
            "aws_db_subnet_group.aurora_subnet_group",
            "module.aurora_db.aws_rds_cluster.aurora_cluster"
          ]
        }
      ]
    },
    {
      "module": "module.aws_s3_bucket",
      "mode": "managed",
      "type": "aws_s3_bucket",
      "name": "ocb_poc_bucket",
      "provider": "provider[\"registry.terraform.io/hashicorp/aws\"]",
      "instances": [
        {
          "schema_version": 0,
          "attributes": {
            "acceleration_status": "",
            "acl": null,
            "arn": "arn:aws:s3:::ocb-poc-20241001100516892600000003",
            "bucket": "ocb-poc-20241001100516892600000003",
            "bucket_domain_name": "ocb-poc-20241001100516892600000003.s3.amazonaws.com",
            "bucket_prefix": "ocb-poc-",
            "bucket_regional_domain_name": "ocb-poc-20241001100516892600000003.s3.ap-southeast-1.amazonaws.com",
            "cors_rule": [],
            "force_destroy": false,
            "grant": [
              {
                "id": "6977e483a5c18460674d1a359f0ea7c89bde4f0422f7f3547e43802559aa3e2b",
                "permissions": [
                  "FULL_CONTROL"
                ],
                "type": "CanonicalUser",
                "uri": ""
              }
            ],
            "hosted_zone_id": "Z3O0J2DXBE1FTB",
            "id": "ocb-poc-20241001100516892600000003",
            "lifecycle_rule": [],
            "logging": [],
            "object_lock_configuration": [],
            "object_lock_enabled": false,
            "policy": "",
            "region": "ap-southeast-1",
            "replication_configuration": [],
            "request_payer": "BucketOwner",
            "server_side_encryption_configuration": [
              {
                "rule": [
                  {
                    "apply_server_side_encryption_by_default": [
                      {
                        "kms_master_key_id": "",
                        "sse_algorithm": "AES256"
                      }
                    ],
                    "bucket_key_enabled": false
                  }
                ]
              }
            ],
            "tags": null,
            "tags_all": {},
            "timeouts": null,
            "versioning": [
              {
                "enabled": false,
                "mfa_delete": false
              }
            ],
            "website": [],
            "website_domain": null,
            "website_endpoint": null
          },
          "sensitive_attributes": [],
          "private": "eyJlMmJmYjczMC1lY2FhLTExZTYtOGY4OC0zNDM2M2JjN2M0YzAiOnsiY3JlYXRlIjoxMjAwMDAwMDAwMDAwLCJkZWxldGUiOjM2MDAwMDAwMDAwMDAsInJlYWQiOjEyMDAwMDAwMDAwMDAsInVwZGF0ZSI6MTIwMDAwMDAwMDAwMH19"
        }
      ]
    },
    {
      "module": "module.aws_s3_bucket",
      "mode": "managed",
      "type": "aws_s3_bucket_server_side_encryption_configuration",
      "name": "ocb_poc_bucket_encryption",
      "provider": "provider[\"registry.terraform.io/hashicorp/aws\"]",
      "instances": [
        {
          "schema_version": 0,
          "attributes": {
            "bucket": "ocb-poc-20241001100516892600000003",
            "expected_bucket_owner": "",
            "id": "ocb-poc-20241001100516892600000003",
            "rule": [
              {
                "apply_server_side_encryption_by_default": [
                  {
                    "kms_master_key_id": "",
                    "sse_algorithm": "AES256"
                  }
                ],
                "bucket_key_enabled": null
              }
            ]
          },
          "sensitive_attributes": [],
          "private": "bnVsbA==",
          "dependencies": [
            "module.aws_s3_bucket.aws_s3_bucket.ocb_poc_bucket"
          ]
        }
      ]
    },
    {
      "module": "module.aws_s3_bucket",
      "mode": "managed",
      "type": "aws_s3_bucket_versioning",
      "name": "ocb_poc_bucket_versioning",
      "provider": "provider[\"registry.terraform.io/hashicorp/aws\"]",
      "instances": [
        {
          "schema_version": 0,
          "attributes": {
            "bucket": "ocb-poc-20241001100516892600000003",
            "expected_bucket_owner": "",
            "id": "ocb-poc-20241001100516892600000003",
            "mfa": null,
            "versioning_configuration": [
              {
                "mfa_delete": "",
                "status": "Enabled"
              }
            ]
          },
          "sensitive_attributes": [],
          "private": "bnVsbA==",
          "dependencies": [
            "module.aws_s3_bucket.aws_s3_bucket.ocb_poc_bucket"
          ]
        }
      ]
    },
    {
      "module": "module.eks",
      "mode": "data",
      "type": "aws_caller_identity",
      "name": "current",
      "provider": "provider[\"registry.terraform.io/hashicorp/aws\"]",
      "instances": [
        {
          "schema_version": 0,
          "attributes": {
            "account_id": "829282483222",
            "arn": "arn:aws:iam::829282483222:user/PhucNguyen",
            "id": "829282483222",
            "user_id": "AIDA4CFIWPQLGPRYBCGQY"
          },
          "sensitive_attributes": []
        }
      ]
    },
    {
      "module": "module.eks",
      "mode": "managed",
      "type": "aws_ec2_tag",
      "name": "private_subnets",
      "provider": "provider[\"registry.terraform.io/hashicorp/aws\"]",
      "instances": [
        {
          "index_key": "subnet-0428e81a33cf520a6",
          "schema_version": 0,
          "attributes": {
            "id": "subnet-0428e81a33cf520a6,kubernetes.io/role/internal-elb",
            "key": "kubernetes.io/role/internal-elb",
            "resource_id": "subnet-0428e81a33cf520a6",
            "value": "1"
          },
          "sensitive_attributes": [],
          "private": "bnVsbA=="
        },
        {
          "index_key": "subnet-0467ebd27d2e6d24c",
          "schema_version": 0,
          "attributes": {
            "id": "subnet-0467ebd27d2e6d24c,kubernetes.io/role/internal-elb",
            "key": "kubernetes.io/role/internal-elb",
            "resource_id": "subnet-0467ebd27d2e6d24c",
            "value": "1"
          },
          "sensitive_attributes": [],
          "private": "bnVsbA=="
        },
        {
          "index_key": "subnet-0f98d3d7b5737fead",
          "schema_version": 0,
          "attributes": {
            "id": "subnet-0f98d3d7b5737fead,kubernetes.io/role/internal-elb",
            "key": "kubernetes.io/role/internal-elb",
            "resource_id": "subnet-0f98d3d7b5737fead",
            "value": "1"
          },
          "sensitive_attributes": [],
          "private": "bnVsbA=="
        }
      ]
    },
    {
      "module": "module.eks",
      "mode": "managed",
      "type": "aws_security_group",
      "name": "allow_to_eks",
      "provider": "provider[\"registry.terraform.io/hashicorp/aws\"]",
      "instances": [
        {
          "schema_version": 1,
          "attributes": {
            "arn": "arn:aws:ec2:ap-southeast-1:829282483222:security-group/sg-0a695471ced8cfcb9",
            "description": "Allow TLS inbound traffic and all outbound traffic",
            "egress": [],
            "id": "sg-0a695471ced8cfcb9",
            "ingress": [],
            "name": "allow_to_eks",
            "name_prefix": "",
            "owner_id": "829282483222",
            "revoke_rules_on_delete": false,
            "tags": {
              "Name": "allow_to_eks"
            },
            "tags_all": {
              "Name": "allow_to_eks"
            },
            "timeouts": null,
            "vpc_id": "vpc-68f0ee0f"
          },
          "sensitive_attributes": [],
          "private": "eyJlMmJmYjczMC1lY2FhLTExZTYtOGY4OC0zNDM2M2JjN2M0YzAiOnsiY3JlYXRlIjo2MDAwMDAwMDAwMDAsImRlbGV0ZSI6OTAwMDAwMDAwMDAwfSwic2NoZW1hX3ZlcnNpb24iOiIxIn0="
        }
      ]
    },
    {
      "module": "module.eks",
      "mode": "managed",
      "type": "aws_vpc_security_group_ingress_rule",
      "name": "allow_all",
      "provider": "provider[\"registry.terraform.io/hashicorp/aws\"]",
      "instances": [
        {
          "schema_version": 0,
          "attributes": {
            "arn": "arn:aws:ec2:ap-southeast-1:829282483222:security-group-rule/sgr-070a2aaa57afff568",
            "cidr_ipv4": "0.0.0.0/0",
            "cidr_ipv6": null,
            "description": null,
            "from_port": null,
            "id": "sgr-070a2aaa57afff568",
            "ip_protocol": "-1",
            "prefix_list_id": null,
            "referenced_security_group_id": null,
            "security_group_id": "sg-0a695471ced8cfcb9",
            "security_group_rule_id": "sgr-070a2aaa57afff568",
            "tags": null,
            "tags_all": {},
            "to_port": null
          },
          "sensitive_attributes": [],
          "dependencies": [
            "module.eks.aws_security_group.allow_to_eks"
          ]
        }
      ]
    },
    {
      "module": "module.eks.module.aws_load_balancer_controller_irsa_role",
      "mode": "data",
      "type": "aws_caller_identity",
      "name": "current",
      "provider": "provider[\"registry.terraform.io/hashicorp/aws\"]",
      "instances": [
        {
          "schema_version": 0,
          "attributes": {
            "account_id": "829282483222",
            "arn": "arn:aws:iam::829282483222:user/PhucNguyen",
            "id": "829282483222",
            "user_id": "AIDA4CFIWPQLGPRYBCGQY"
          },
          "sensitive_attributes": []
        }
      ]
    },
    {
      "module": "module.eks.module.aws_load_balancer_controller_irsa_role",
      "mode": "data",
      "type": "aws_iam_policy_document",
      "name": "load_balancer_controller",
      "provider": "provider[\"registry.terraform.io/hashicorp/aws\"]",
      "instances": [
        {
          "index_key": 0,
          "schema_version": 0,
          "attributes": {
            "id": "3165004190",
            "json": "{\n  \"Version\": \"2012-10-17\",\n  \"Statement\": [\n    {\n      \"Effect\": \"Allow\",\n      \"Action\": \"iam:CreateServiceLinkedRole\",\n      \"Resource\": \"*\",\n      \"Condition\": {\n        \"StringEquals\": {\n          \"iam:AWSServiceName\": \"elasticloadbalancing.amazonaws.com\"\n        }\n      }\n    },\n    {\n      \"Effect\": \"Allow\",\n      \"Action\": [\n        \"elasticloadbalancing:DescribeTargetHealth\",\n        \"elasticloadbalancing:DescribeTargetGroups\",\n        \"elasticloadbalancing:DescribeTargetGroupAttributes\",\n        \"elasticloadbalancing:DescribeTags\",\n        \"elasticloadbalancing:DescribeSSLPolicies\",\n        \"elasticloadbalancing:DescribeRules\",\n        \"elasticloadbalancing:DescribeLoadBalancers\",\n        \"elasticloadbalancing:DescribeLoadBalancerAttributes\",\n        \"elasticloadbalancing:DescribeListeners\",\n        \"elasticloadbalancing:DescribeListenerCertificates\",\n        \"ec2:GetCoipPoolUsage\",\n        \"ec2:DescribeVpcs\",\n        \"ec2:DescribeVpcPeeringConnections\",\n        \"ec2:DescribeTags\",\n        \"ec2:DescribeSubnets\",\n        \"ec2:DescribeSecurityGroups\",\n        \"ec2:DescribeNetworkInterfaces\",\n        \"ec2:DescribeInternetGateways\",\n        \"ec2:DescribeInstances\",\n        \"ec2:DescribeCoipPools\",\n        \"ec2:DescribeAvailabilityZones\",\n        \"ec2:DescribeAddresses\",\n        \"ec2:DescribeAccountAttributes\"\n      ],\n      \"Resource\": \"*\"\n    },\n    {\n      \"Effect\": \"Allow\",\n      \"Action\": [\n        \"wafv2:GetWebACLForResource\",\n        \"wafv2:GetWebACL\",\n        \"wafv2:DisassociateWebACL\",\n        \"wafv2:AssociateWebACL\",\n        \"waf-regional:GetWebACLForResource\",\n        \"waf-regional:GetWebACL\",\n        \"waf-regional:DisassociateWebACL\",\n        \"waf-regional:AssociateWebACL\",\n        \"shield:GetSubscriptionState\",\n        \"shield:DescribeProtection\",\n        \"shield:DeleteProtection\",\n        \"shield:CreateProtection\",\n        \"iam:ListServerCertificates\",\n        \"iam:GetServerCertificate\",\n        \"cognito-idp:DescribeUserPoolClient\",\n        \"acm:ListCertificates\",\n        \"acm:DescribeCertificate\"\n      ],\n      \"Resource\": \"*\"\n    },\n    {\n      \"Effect\": \"Allow\",\n      \"Action\": [\n        \"ec2:RevokeSecurityGroupIngress\",\n        \"ec2:CreateSecurityGroup\",\n        \"ec2:AuthorizeSecurityGroupIngress\"\n      ],\n      \"Resource\": \"*\"\n    },\n    {\n      \"Effect\": \"Allow\",\n      \"Action\": \"ec2:CreateTags\",\n      \"Resource\": \"arn:aws:ec2:*:*:security-group/*\",\n      \"Condition\": {\n        \"Null\": {\n          \"aws:RequestTag/elbv2.k8s.aws/cluster\": \"false\"\n        },\n        \"StringEquals\": {\n          \"ec2:CreateAction\": \"CreateSecurityGroup\"\n        }\n      }\n    },\n    {\n      \"Effect\": \"Allow\",\n      \"Action\": [\n        \"ec2:DeleteTags\",\n        \"ec2:CreateTags\"\n      ],\n      \"Resource\": \"arn:aws:ec2:*:*:security-group/*\",\n      \"Condition\": {\n        \"Null\": {\n          \"aws:RequestTag/elbv2.k8s.aws/cluster\": \"true\",\n          \"aws:ResourceTag/elbv2.k8s.aws/cluster\": \"false\"\n        }\n      }\n    },\n    {\n      \"Effect\": \"Allow\",\n      \"Action\": [\n        \"ec2:RevokeSecurityGroupIngress\",\n        \"ec2:DeleteSecurityGroup\",\n        \"ec2:AuthorizeSecurityGroupIngress\"\n      ],\n      \"Resource\": \"*\",\n      \"Condition\": {\n        \"Null\": {\n          \"aws:ResourceTag/elbv2.k8s.aws/cluster\": \"false\"\n        }\n      }\n    },\n    {\n      \"Effect\": \"Allow\",\n      \"Action\": [\n        \"elasticloadbalancing:CreateTargetGroup\",\n        \"elasticloadbalancing:CreateLoadBalancer\"\n      ],\n      \"Resource\": \"*\",\n      \"Condition\": {\n        \"Null\": {\n          \"aws:RequestTag/elbv2.k8s.aws/cluster\": \"false\"\n        }\n      }\n    },\n    {\n      \"Effect\": \"Allow\",\n      \"Action\": [\n        \"elasticloadbalancing:DeleteRule\",\n        \"elasticloadbalancing:DeleteListener\",\n        \"elasticloadbalancing:CreateRule\",\n        \"elasticloadbalancing:CreateListener\"\n      ],\n      \"Resource\": \"*\"\n    },\n    {\n      \"Effect\": \"Allow\",\n      \"Action\": [\n        \"elasticloadbalancing:RemoveTags\",\n        \"elasticloadbalancing:AddTags\"\n      ],\n      \"Resource\": [\n        \"arn:aws:elasticloadbalancing:*:*:targetgroup/*/*\",\n        \"arn:aws:elasticloadbalancing:*:*:loadbalancer/net/*/*\",\n        \"arn:aws:elasticloadbalancing:*:*:loadbalancer/app/*/*\"\n      ],\n      \"Condition\": {\n        \"Null\": {\n          \"aws:RequestTag/elbv2.k8s.aws/cluster\": \"true\",\n          \"aws:ResourceTag/elbv2.k8s.aws/cluster\": \"false\"\n        }\n      }\n    },\n    {\n      \"Effect\": \"Allow\",\n      \"Action\": [\n        \"elasticloadbalancing:RemoveTags\",\n        \"elasticloadbalancing:AddTags\"\n      ],\n      \"Resource\": [\n        \"arn:aws:elasticloadbalancing:*:*:listener/net/*/*/*\",\n        \"arn:aws:elasticloadbalancing:*:*:listener/app/*/*/*\",\n        \"arn:aws:elasticloadbalancing:*:*:listener-rule/net/*/*/*\",\n        \"arn:aws:elasticloadbalancing:*:*:listener-rule/app/*/*/*\"\n      ]\n    },\n    {\n      \"Effect\": \"Allow\",\n      \"Action\": [\n        \"elasticloadbalancing:SetSubnets\",\n        \"elasticloadbalancing:SetSecurityGroups\",\n        \"elasticloadbalancing:SetIpAddressType\",\n        \"elasticloadbalancing:ModifyTargetGroupAttributes\",\n        \"elasticloadbalancing:ModifyTargetGroup\",\n        \"elasticloadbalancing:ModifyLoadBalancerAttributes\",\n        \"elasticloadbalancing:DeleteTargetGroup\",\n        \"elasticloadbalancing:DeleteLoadBalancer\"\n      ],\n      \"Resource\": \"*\",\n      \"Condition\": {\n        \"Null\": {\n          \"aws:ResourceTag/elbv2.k8s.aws/cluster\": \"false\"\n        }\n      }\n    },\n    {\n      \"Effect\": \"Allow\",\n      \"Action\": [\n        \"elasticloadbalancing:RegisterTargets\",\n        \"elasticloadbalancing:DeregisterTargets\"\n      ],\n      \"Resource\": \"arn:aws:elasticloadbalancing:*:*:targetgroup/*/*\"\n    },\n    {\n      \"Effect\": \"Allow\",\n      \"Action\": [\n        \"elasticloadbalancing:SetWebAcl\",\n        \"elasticloadbalancing:RemoveListenerCertificates\",\n        \"elasticloadbalancing:ModifyRule\",\n        \"elasticloadbalancing:ModifyListener\",\n        \"elasticloadbalancing:AddListenerCertificates\"\n      ],\n      \"Resource\": \"*\"\n    }\n  ]\n}",
            "minified_json": "{\"Version\":\"2012-10-17\",\"Statement\":[{\"Effect\":\"Allow\",\"Action\":\"iam:CreateServiceLinkedRole\",\"Resource\":\"*\",\"Condition\":{\"StringEquals\":{\"iam:AWSServiceName\":\"elasticloadbalancing.amazonaws.com\"}}},{\"Effect\":\"Allow\",\"Action\":[\"elasticloadbalancing:DescribeTargetHealth\",\"elasticloadbalancing:DescribeTargetGroups\",\"elasticloadbalancing:DescribeTargetGroupAttributes\",\"elasticloadbalancing:DescribeTags\",\"elasticloadbalancing:DescribeSSLPolicies\",\"elasticloadbalancing:DescribeRules\",\"elasticloadbalancing:DescribeLoadBalancers\",\"elasticloadbalancing:DescribeLoadBalancerAttributes\",\"elasticloadbalancing:DescribeListeners\",\"elasticloadbalancing:DescribeListenerCertificates\",\"ec2:GetCoipPoolUsage\",\"ec2:DescribeVpcs\",\"ec2:DescribeVpcPeeringConnections\",\"ec2:DescribeTags\",\"ec2:DescribeSubnets\",\"ec2:DescribeSecurityGroups\",\"ec2:DescribeNetworkInterfaces\",\"ec2:DescribeInternetGateways\",\"ec2:DescribeInstances\",\"ec2:DescribeCoipPools\",\"ec2:DescribeAvailabilityZones\",\"ec2:DescribeAddresses\",\"ec2:DescribeAccountAttributes\"],\"Resource\":\"*\"},{\"Effect\":\"Allow\",\"Action\":[\"wafv2:GetWebACLForResource\",\"wafv2:GetWebACL\",\"wafv2:DisassociateWebACL\",\"wafv2:AssociateWebACL\",\"waf-regional:GetWebACLForResource\",\"waf-regional:GetWebACL\",\"waf-regional:DisassociateWebACL\",\"waf-regional:AssociateWebACL\",\"shield:GetSubscriptionState\",\"shield:DescribeProtection\",\"shield:DeleteProtection\",\"shield:CreateProtection\",\"iam:ListServerCertificates\",\"iam:GetServerCertificate\",\"cognito-idp:DescribeUserPoolClient\",\"acm:ListCertificates\",\"acm:DescribeCertificate\"],\"Resource\":\"*\"},{\"Effect\":\"Allow\",\"Action\":[\"ec2:RevokeSecurityGroupIngress\",\"ec2:CreateSecurityGroup\",\"ec2:AuthorizeSecurityGroupIngress\"],\"Resource\":\"*\"},{\"Effect\":\"Allow\",\"Action\":\"ec2:CreateTags\",\"Resource\":\"arn:aws:ec2:*:*:security-group/*\",\"Condition\":{\"Null\":{\"aws:RequestTag/elbv2.k8s.aws/cluster\":\"false\"},\"StringEquals\":{\"ec2:CreateAction\":\"CreateSecurityGroup\"}}},{\"Effect\":\"Allow\",\"Action\":[\"ec2:DeleteTags\",\"ec2:CreateTags\"],\"Resource\":\"arn:aws:ec2:*:*:security-group/*\",\"Condition\":{\"Null\":{\"aws:RequestTag/elbv2.k8s.aws/cluster\":\"true\",\"aws:ResourceTag/elbv2.k8s.aws/cluster\":\"false\"}}},{\"Effect\":\"Allow\",\"Action\":[\"ec2:RevokeSecurityGroupIngress\",\"ec2:DeleteSecurityGroup\",\"ec2:AuthorizeSecurityGroupIngress\"],\"Resource\":\"*\",\"Condition\":{\"Null\":{\"aws:ResourceTag/elbv2.k8s.aws/cluster\":\"false\"}}},{\"Effect\":\"Allow\",\"Action\":[\"elasticloadbalancing:CreateTargetGroup\",\"elasticloadbalancing:CreateLoadBalancer\"],\"Resource\":\"*\",\"Condition\":{\"Null\":{\"aws:RequestTag/elbv2.k8s.aws/cluster\":\"false\"}}},{\"Effect\":\"Allow\",\"Action\":[\"elasticloadbalancing:DeleteRule\",\"elasticloadbalancing:DeleteListener\",\"elasticloadbalancing:CreateRule\",\"elasticloadbalancing:CreateListener\"],\"Resource\":\"*\"},{\"Effect\":\"Allow\",\"Action\":[\"elasticloadbalancing:RemoveTags\",\"elasticloadbalancing:AddTags\"],\"Resource\":[\"arn:aws:elasticloadbalancing:*:*:targetgroup/*/*\",\"arn:aws:elasticloadbalancing:*:*:loadbalancer/net/*/*\",\"arn:aws:elasticloadbalancing:*:*:loadbalancer/app/*/*\"],\"Condition\":{\"Null\":{\"aws:RequestTag/elbv2.k8s.aws/cluster\":\"true\",\"aws:ResourceTag/elbv2.k8s.aws/cluster\":\"false\"}}},{\"Effect\":\"Allow\",\"Action\":[\"elasticloadbalancing:RemoveTags\",\"elasticloadbalancing:AddTags\"],\"Resource\":[\"arn:aws:elasticloadbalancing:*:*:listener/net/*/*/*\",\"arn:aws:elasticloadbalancing:*:*:listener/app/*/*/*\",\"arn:aws:elasticloadbalancing:*:*:listener-rule/net/*/*/*\",\"arn:aws:elasticloadbalancing:*:*:listener-rule/app/*/*/*\"]},{\"Effect\":\"Allow\",\"Action\":[\"elasticloadbalancing:SetSubnets\",\"elasticloadbalancing:SetSecurityGroups\",\"elasticloadbalancing:SetIpAddressType\",\"elasticloadbalancing:ModifyTargetGroupAttributes\",\"elasticloadbalancing:ModifyTargetGroup\",\"elasticloadbalancing:ModifyLoadBalancerAttributes\",\"elasticloadbalancing:DeleteTargetGroup\",\"elasticloadbalancing:DeleteLoadBalancer\"],\"Resource\":\"*\",\"Condition\":{\"Null\":{\"aws:ResourceTag/elbv2.k8s.aws/cluster\":\"false\"}}},{\"Effect\":\"Allow\",\"Action\":[\"elasticloadbalancing:RegisterTargets\",\"elasticloadbalancing:DeregisterTargets\"],\"Resource\":\"arn:aws:elasticloadbalancing:*:*:targetgroup/*/*\"},{\"Effect\":\"Allow\",\"Action\":[\"elasticloadbalancing:SetWebAcl\",\"elasticloadbalancing:RemoveListenerCertificates\",\"elasticloadbalancing:ModifyRule\",\"elasticloadbalancing:ModifyListener\",\"elasticloadbalancing:AddListenerCertificates\"],\"Resource\":\"*\"}]}",
            "override_json": null,
            "override_policy_documents": null,
            "policy_id": null,
            "source_json": null,
            "source_policy_documents": null,
            "statement": [
              {
                "actions": [
                  "iam:CreateServiceLinkedRole"
                ],
                "condition": [
                  {
                    "test": "StringEquals",
                    "values": [
                      "elasticloadbalancing.amazonaws.com"
                    ],
                    "variable": "iam:AWSServiceName"
                  }
                ],
                "effect": "Allow",
                "not_actions": [],
                "not_principals": [],
                "not_resources": [],
                "principals": [],
                "resources": [
                  "*"
                ],
                "sid": ""
              },
              {
                "actions": [
                  "ec2:DescribeAccountAttributes",
                  "ec2:DescribeAddresses",
                  "ec2:DescribeAvailabilityZones",
                  "ec2:DescribeCoipPools",
                  "ec2:DescribeInstances",
                  "ec2:DescribeInternetGateways",
                  "ec2:DescribeNetworkInterfaces",
                  "ec2:DescribeSecurityGroups",
                  "ec2:DescribeSubnets",
                  "ec2:DescribeTags",
                  "ec2:DescribeVpcPeeringConnections",
                  "ec2:DescribeVpcs",
                  "ec2:GetCoipPoolUsage",
                  "elasticloadbalancing:DescribeListenerCertificates",
                  "elasticloadbalancing:DescribeListeners",
                  "elasticloadbalancing:DescribeLoadBalancerAttributes",
                  "elasticloadbalancing:DescribeLoadBalancers",
                  "elasticloadbalancing:DescribeRules",
                  "elasticloadbalancing:DescribeSSLPolicies",
                  "elasticloadbalancing:DescribeTags",
                  "elasticloadbalancing:DescribeTargetGroupAttributes",
                  "elasticloadbalancing:DescribeTargetGroups",
                  "elasticloadbalancing:DescribeTargetHealth"
                ],
                "condition": [],
                "effect": "Allow",
                "not_actions": [],
                "not_principals": [],
                "not_resources": [],
                "principals": [],
                "resources": [
                  "*"
                ],
                "sid": ""
              },
              {
                "actions": [
                  "acm:DescribeCertificate",
                  "acm:ListCertificates",
                  "cognito-idp:DescribeUserPoolClient",
                  "iam:GetServerCertificate",
                  "iam:ListServerCertificates",
                  "shield:CreateProtection",
                  "shield:DeleteProtection",
                  "shield:DescribeProtection",
                  "shield:GetSubscriptionState",
                  "waf-regional:AssociateWebACL",
                  "waf-regional:DisassociateWebACL",
                  "waf-regional:GetWebACL",
                  "waf-regional:GetWebACLForResource",
                  "wafv2:AssociateWebACL",
                  "wafv2:DisassociateWebACL",
                  "wafv2:GetWebACL",
                  "wafv2:GetWebACLForResource"
                ],
                "condition": [],
                "effect": "Allow",
                "not_actions": [],
                "not_principals": [],
                "not_resources": [],
                "principals": [],
                "resources": [
                  "*"
                ],
                "sid": ""
              },
              {
                "actions": [
                  "ec2:AuthorizeSecurityGroupIngress",
                  "ec2:CreateSecurityGroup",
                  "ec2:RevokeSecurityGroupIngress"
                ],
                "condition": [],
                "effect": "Allow",
                "not_actions": [],
                "not_principals": [],
                "not_resources": [],
                "principals": [],
                "resources": [
                  "*"
                ],
                "sid": ""
              },
              {
                "actions": [
                  "ec2:CreateTags"
                ],
                "condition": [
                  {
                    "test": "Null",
                    "values": [
                      "false"
                    ],
                    "variable": "aws:RequestTag/elbv2.k8s.aws/cluster"
                  },
                  {
                    "test": "StringEquals",
                    "values": [
                      "CreateSecurityGroup"
                    ],
                    "variable": "ec2:CreateAction"
                  }
                ],
                "effect": "Allow",
                "not_actions": [],
                "not_principals": [],
                "not_resources": [],
                "principals": [],
                "resources": [
                  "arn:aws:ec2:*:*:security-group/*"
                ],
                "sid": ""
              },
              {
                "actions": [
                  "ec2:CreateTags",
                  "ec2:DeleteTags"
                ],
                "condition": [
                  {
                    "test": "Null",
                    "values": [
                      "false"
                    ],
                    "variable": "aws:ResourceTag/elbv2.k8s.aws/cluster"
                  },
                  {
                    "test": "Null",
                    "values": [
                      "true"
                    ],
                    "variable": "aws:RequestTag/elbv2.k8s.aws/cluster"
                  }
                ],
                "effect": "Allow",
                "not_actions": [],
                "not_principals": [],
                "not_resources": [],
                "principals": [],
                "resources": [
                  "arn:aws:ec2:*:*:security-group/*"
                ],
                "sid": ""
              },
              {
                "actions": [
                  "ec2:AuthorizeSecurityGroupIngress",
                  "ec2:DeleteSecurityGroup",
                  "ec2:RevokeSecurityGroupIngress"
                ],
                "condition": [
                  {
                    "test": "Null",
                    "values": [
                      "false"
                    ],
                    "variable": "aws:ResourceTag/elbv2.k8s.aws/cluster"
                  }
                ],
                "effect": "Allow",
                "not_actions": [],
                "not_principals": [],
                "not_resources": [],
                "principals": [],
                "resources": [
                  "*"
                ],
                "sid": ""
              },
              {
                "actions": [
                  "elasticloadbalancing:CreateLoadBalancer",
                  "elasticloadbalancing:CreateTargetGroup"
                ],
                "condition": [
                  {
                    "test": "Null",
                    "values": [
                      "false"
                    ],
                    "variable": "aws:RequestTag/elbv2.k8s.aws/cluster"
                  }
                ],
                "effect": "Allow",
                "not_actions": [],
                "not_principals": [],
                "not_resources": [],
                "principals": [],
                "resources": [
                  "*"
                ],
                "sid": ""
              },
              {
                "actions": [
                  "elasticloadbalancing:CreateListener",
                  "elasticloadbalancing:CreateRule",
                  "elasticloadbalancing:DeleteListener",
                  "elasticloadbalancing:DeleteRule"
                ],
                "condition": [],
                "effect": "Allow",
                "not_actions": [],
                "not_principals": [],
                "not_resources": [],
                "principals": [],
                "resources": [
                  "*"
                ],
                "sid": ""
              },
              {
                "actions": [
                  "elasticloadbalancing:AddTags",
                  "elasticloadbalancing:RemoveTags"
                ],
                "condition": [
                  {
                    "test": "Null",
                    "values": [
                      "false"
                    ],
                    "variable": "aws:ResourceTag/elbv2.k8s.aws/cluster"
                  },
                  {
                    "test": "Null",
                    "values": [
                      "true"
                    ],
                    "variable": "aws:RequestTag/elbv2.k8s.aws/cluster"
                  }
                ],
                "effect": "Allow",
                "not_actions": [],
                "not_principals": [],
                "not_resources": [],
                "principals": [],
                "resources": [
                  "arn:aws:elasticloadbalancing:*:*:loadbalancer/app/*/*",
                  "arn:aws:elasticloadbalancing:*:*:loadbalancer/net/*/*",
                  "arn:aws:elasticloadbalancing:*:*:targetgroup/*/*"
                ],
                "sid": ""
              },
              {
                "actions": [
                  "elasticloadbalancing:AddTags",
                  "elasticloadbalancing:RemoveTags"
                ],
                "condition": [],
                "effect": "Allow",
                "not_actions": [],
                "not_principals": [],
                "not_resources": [],
                "principals": [],
                "resources": [
                  "arn:aws:elasticloadbalancing:*:*:listener-rule/app/*/*/*",
                  "arn:aws:elasticloadbalancing:*:*:listener-rule/net/*/*/*",
                  "arn:aws:elasticloadbalancing:*:*:listener/app/*/*/*",
                  "arn:aws:elasticloadbalancing:*:*:listener/net/*/*/*"
                ],
                "sid": ""
              },
              {
                "actions": [
                  "elasticloadbalancing:DeleteLoadBalancer",
                  "elasticloadbalancing:DeleteTargetGroup",
                  "elasticloadbalancing:ModifyLoadBalancerAttributes",
                  "elasticloadbalancing:ModifyTargetGroup",
                  "elasticloadbalancing:ModifyTargetGroupAttributes",
                  "elasticloadbalancing:SetIpAddressType",
                  "elasticloadbalancing:SetSecurityGroups",
                  "elasticloadbalancing:SetSubnets"
                ],
                "condition": [
                  {
                    "test": "Null",
                    "values": [
                      "false"
                    ],
                    "variable": "aws:ResourceTag/elbv2.k8s.aws/cluster"
                  }
                ],
                "effect": "Allow",
                "not_actions": [],
                "not_principals": [],
                "not_resources": [],
                "principals": [],
                "resources": [
                  "*"
                ],
                "sid": ""
              },
              {
                "actions": [
                  "elasticloadbalancing:DeregisterTargets",
                  "elasticloadbalancing:RegisterTargets"
                ],
                "condition": [],
                "effect": "Allow",
                "not_actions": [],
                "not_principals": [],
                "not_resources": [],
                "principals": [],
                "resources": [
                  "arn:aws:elasticloadbalancing:*:*:targetgroup/*/*"
                ],
                "sid": ""
              },
              {
                "actions": [
                  "elasticloadbalancing:AddListenerCertificates",
                  "elasticloadbalancing:ModifyListener",
                  "elasticloadbalancing:ModifyRule",
                  "elasticloadbalancing:RemoveListenerCertificates",
                  "elasticloadbalancing:SetWebAcl"
                ],
                "condition": [],
                "effect": "Allow",
                "not_actions": [],
                "not_principals": [],
                "not_resources": [],
                "principals": [],
                "resources": [
                  "*"
                ],
                "sid": ""
              }
            ],
            "version": "2012-10-17"
          },
          "sensitive_attributes": []
        }
      ]
    },
    {
      "module": "module.eks.module.aws_load_balancer_controller_irsa_role",
      "mode": "data",
      "type": "aws_partition",
      "name": "current",
      "provider": "provider[\"registry.terraform.io/hashicorp/aws\"]",
      "instances": [
        {
          "schema_version": 0,
          "attributes": {
            "dns_suffix": "amazonaws.com",
            "id": "aws",
            "partition": "aws",
            "reverse_dns_prefix": "com.amazonaws"
          },
          "sensitive_attributes": []
        }
      ]
    },
    {
      "module": "module.eks.module.aws_load_balancer_controller_irsa_role",
      "mode": "managed",
      "type": "aws_iam_policy",
      "name": "load_balancer_controller",
      "provider": "provider[\"registry.terraform.io/hashicorp/aws\"]",
      "instances": [
        {
          "index_key": 0,
          "schema_version": 0,
          "attributes": {
            "arn": "arn:aws:iam::829282483222:policy/AmazonEKS_AWS_Load_Balancer_Controller-20241001100517134300000004",
            "attachment_count": 0,
            "description": "Provides permissions for AWS Load Balancer Controller addon",
            "id": "arn:aws:iam::829282483222:policy/AmazonEKS_AWS_Load_Balancer_Controller-20241001100517134300000004",
            "name": "AmazonEKS_AWS_Load_Balancer_Controller-20241001100517134300000004",
            "name_prefix": "AmazonEKS_AWS_Load_Balancer_Controller-",
            "path": "/",
            "policy": "{\"Statement\":[{\"Action\":\"iam:CreateServiceLinkedRole\",\"Condition\":{\"StringEquals\":{\"iam:AWSServiceName\":\"elasticloadbalancing.amazonaws.com\"}},\"Effect\":\"Allow\",\"Resource\":\"*\"},{\"Action\":[\"elasticloadbalancing:DescribeTargetHealth\",\"elasticloadbalancing:DescribeTargetGroups\",\"elasticloadbalancing:DescribeTargetGroupAttributes\",\"elasticloadbalancing:DescribeTags\",\"elasticloadbalancing:DescribeSSLPolicies\",\"elasticloadbalancing:DescribeRules\",\"elasticloadbalancing:DescribeLoadBalancers\",\"elasticloadbalancing:DescribeLoadBalancerAttributes\",\"elasticloadbalancing:DescribeListeners\",\"elasticloadbalancing:DescribeListenerCertificates\",\"ec2:GetCoipPoolUsage\",\"ec2:DescribeVpcs\",\"ec2:DescribeVpcPeeringConnections\",\"ec2:DescribeTags\",\"ec2:DescribeSubnets\",\"ec2:DescribeSecurityGroups\",\"ec2:DescribeNetworkInterfaces\",\"ec2:DescribeInternetGateways\",\"ec2:DescribeInstances\",\"ec2:DescribeCoipPools\",\"ec2:DescribeAvailabilityZones\",\"ec2:DescribeAddresses\",\"ec2:DescribeAccountAttributes\"],\"Effect\":\"Allow\",\"Resource\":\"*\"},{\"Action\":[\"wafv2:GetWebACLForResource\",\"wafv2:GetWebACL\",\"wafv2:DisassociateWebACL\",\"wafv2:AssociateWebACL\",\"waf-regional:GetWebACLForResource\",\"waf-regional:GetWebACL\",\"waf-regional:DisassociateWebACL\",\"waf-regional:AssociateWebACL\",\"shield:GetSubscriptionState\",\"shield:DescribeProtection\",\"shield:DeleteProtection\",\"shield:CreateProtection\",\"iam:ListServerCertificates\",\"iam:GetServerCertificate\",\"cognito-idp:DescribeUserPoolClient\",\"acm:ListCertificates\",\"acm:DescribeCertificate\"],\"Effect\":\"Allow\",\"Resource\":\"*\"},{\"Action\":[\"ec2:RevokeSecurityGroupIngress\",\"ec2:CreateSecurityGroup\",\"ec2:AuthorizeSecurityGroupIngress\"],\"Effect\":\"Allow\",\"Resource\":\"*\"},{\"Action\":\"ec2:CreateTags\",\"Condition\":{\"Null\":{\"aws:RequestTag/elbv2.k8s.aws/cluster\":\"false\"},\"StringEquals\":{\"ec2:CreateAction\":\"CreateSecurityGroup\"}},\"Effect\":\"Allow\",\"Resource\":\"arn:aws:ec2:*:*:security-group/*\"},{\"Action\":[\"ec2:DeleteTags\",\"ec2:CreateTags\"],\"Condition\":{\"Null\":{\"aws:RequestTag/elbv2.k8s.aws/cluster\":\"true\",\"aws:ResourceTag/elbv2.k8s.aws/cluster\":\"false\"}},\"Effect\":\"Allow\",\"Resource\":\"arn:aws:ec2:*:*:security-group/*\"},{\"Action\":[\"ec2:RevokeSecurityGroupIngress\",\"ec2:DeleteSecurityGroup\",\"ec2:AuthorizeSecurityGroupIngress\"],\"Condition\":{\"Null\":{\"aws:ResourceTag/elbv2.k8s.aws/cluster\":\"false\"}},\"Effect\":\"Allow\",\"Resource\":\"*\"},{\"Action\":[\"elasticloadbalancing:CreateTargetGroup\",\"elasticloadbalancing:CreateLoadBalancer\"],\"Condition\":{\"Null\":{\"aws:RequestTag/elbv2.k8s.aws/cluster\":\"false\"}},\"Effect\":\"Allow\",\"Resource\":\"*\"},{\"Action\":[\"elasticloadbalancing:DeleteRule\",\"elasticloadbalancing:DeleteListener\",\"elasticloadbalancing:CreateRule\",\"elasticloadbalancing:CreateListener\"],\"Effect\":\"Allow\",\"Resource\":\"*\"},{\"Action\":[\"elasticloadbalancing:RemoveTags\",\"elasticloadbalancing:AddTags\"],\"Condition\":{\"Null\":{\"aws:RequestTag/elbv2.k8s.aws/cluster\":\"true\",\"aws:ResourceTag/elbv2.k8s.aws/cluster\":\"false\"}},\"Effect\":\"Allow\",\"Resource\":[\"arn:aws:elasticloadbalancing:*:*:targetgroup/*/*\",\"arn:aws:elasticloadbalancing:*:*:loadbalancer/net/*/*\",\"arn:aws:elasticloadbalancing:*:*:loadbalancer/app/*/*\"]},{\"Action\":[\"elasticloadbalancing:RemoveTags\",\"elasticloadbalancing:AddTags\"],\"Effect\":\"Allow\",\"Resource\":[\"arn:aws:elasticloadbalancing:*:*:listener/net/*/*/*\",\"arn:aws:elasticloadbalancing:*:*:listener/app/*/*/*\",\"arn:aws:elasticloadbalancing:*:*:listener-rule/net/*/*/*\",\"arn:aws:elasticloadbalancing:*:*:listener-rule/app/*/*/*\"]},{\"Action\":[\"elasticloadbalancing:SetSubnets\",\"elasticloadbalancing:SetSecurityGroups\",\"elasticloadbalancing:SetIpAddressType\",\"elasticloadbalancing:ModifyTargetGroupAttributes\",\"elasticloadbalancing:ModifyTargetGroup\",\"elasticloadbalancing:ModifyLoadBalancerAttributes\",\"elasticloadbalancing:DeleteTargetGroup\",\"elasticloadbalancing:DeleteLoadBalancer\"],\"Condition\":{\"Null\":{\"aws:ResourceTag/elbv2.k8s.aws/cluster\":\"false\"}},\"Effect\":\"Allow\",\"Resource\":\"*\"},{\"Action\":[\"elasticloadbalancing:RegisterTargets\",\"elasticloadbalancing:DeregisterTargets\"],\"Effect\":\"Allow\",\"Resource\":\"arn:aws:elasticloadbalancing:*:*:targetgroup/*/*\"},{\"Action\":[\"elasticloadbalancing:SetWebAcl\",\"elasticloadbalancing:RemoveListenerCertificates\",\"elasticloadbalancing:ModifyRule\",\"elasticloadbalancing:ModifyListener\",\"elasticloadbalancing:AddListenerCertificates\"],\"Effect\":\"Allow\",\"Resource\":\"*\"}],\"Version\":\"2012-10-17\"}",
            "policy_id": "ANPA4CFIWPQLETZZ3PWC4",
            "tags": null,
            "tags_all": {}
          },
          "sensitive_attributes": [],
          "private": "bnVsbA==",
          "dependencies": [
            "module.eks.module.aws_load_balancer_controller_irsa_role.data.aws_iam_policy_document.load_balancer_controller",
            "module.eks.module.aws_load_balancer_controller_irsa_role.data.aws_partition.current"
          ]
        }
      ]
    },
    {
      "module": "module.eks.module.eks",
      "mode": "data",
      "type": "aws_caller_identity",
      "name": "current",
      "provider": "provider[\"registry.terraform.io/hashicorp/aws\"]",
      "instances": [
        {
          "schema_version": 0,
          "attributes": {
            "account_id": "829282483222",
            "arn": "arn:aws:iam::829282483222:user/PhucNguyen",
            "id": "829282483222",
            "user_id": "AIDA4CFIWPQLGPRYBCGQY"
          },
          "sensitive_attributes": []
        }
      ]
    },
    {
      "module": "module.eks.module.eks",
      "mode": "data",
      "type": "aws_iam_policy_document",
      "name": "assume_role_policy",
      "provider": "provider[\"registry.terraform.io/hashicorp/aws\"]",
      "instances": []
    },
    {
      "module": "module.eks.module.eks",
      "mode": "data",
      "type": "aws_iam_policy_document",
      "name": "cni_ipv6_policy",
      "provider": "provider[\"registry.terraform.io/hashicorp/aws\"]",
      "instances": []
    },
    {
      "module": "module.eks.module.eks",
      "mode": "data",
      "type": "aws_iam_session_context",
      "name": "current",
      "provider": "provider[\"registry.terraform.io/hashicorp/aws\"]",
      "instances": [
        {
          "schema_version": 0,
          "attributes": {
            "arn": "arn:aws:iam::829282483222:user/PhucNguyen",
            "id": "arn:aws:iam::829282483222:user/PhucNguyen",
            "issuer_arn": "arn:aws:iam::829282483222:user/PhucNguyen",
            "issuer_id": "",
            "issuer_name": "",
            "session_name": ""
          },
          "sensitive_attributes": []
        }
      ]
    },
    {
      "module": "module.eks.module.eks",
      "mode": "data",
      "type": "aws_partition",
      "name": "current",
      "provider": "provider[\"registry.terraform.io/hashicorp/aws\"]",
      "instances": [
        {
          "schema_version": 0,
          "attributes": {
            "dns_suffix": "amazonaws.com",
            "id": "aws",
            "partition": "aws",
            "reverse_dns_prefix": "com.amazonaws"
          },
          "sensitive_attributes": []
        }
      ]
    },
    {
      "module": "module.eks.module.eks",
      "mode": "managed",
      "type": "aws_iam_policy",
      "name": "cni_ipv6_policy",
      "provider": "provider[\"registry.terraform.io/hashicorp/aws\"]",
      "instances": []
    },
    {
      "module": "module.eks.module.eks",
      "mode": "managed",
      "type": "aws_iam_role",
      "name": "this",
      "provider": "provider[\"registry.terraform.io/hashicorp/aws\"]",
      "instances": []
    },
    {
      "module": "module.eks.module.eks",
      "mode": "managed",
      "type": "aws_iam_role_policy_attachment",
      "name": "this",
      "provider": "provider[\"registry.terraform.io/hashicorp/aws\"]",
      "instances": []
    },
    {
      "module": "module.eks.module.eks",
      "mode": "managed",
      "type": "aws_security_group",
      "name": "cluster",
      "provider": "provider[\"registry.terraform.io/hashicorp/aws\"]",
      "instances": [
        {
          "index_key": 0,
          "schema_version": 1,
          "attributes": {
            "arn": "arn:aws:ec2:ap-southeast-1:829282483222:security-group/sg-0234c7f916c13ba92",
            "description": "EKS cluster security group",
            "egress": [],
            "id": "sg-0234c7f916c13ba92",
            "ingress": [],
            "name": "blue_eks-cluster-cluster-20241001100516882100000001",
            "name_prefix": "blue_eks-cluster-cluster-",
            "owner_id": "829282483222",
            "revoke_rules_on_delete": false,
            "tags": {
              "Environment": "poc",
              "Name": "blue_eks-cluster-cluster",
              "Template": "base eks_cluster module"
            },
            "tags_all": {
              "Environment": "poc",
              "Name": "blue_eks-cluster-cluster",
              "Template": "base eks_cluster module"
            },
            "timeouts": null,
            "vpc_id": "vpc-68f0ee0f"
          },
          "sensitive_attributes": [],
          "private": "eyJlMmJmYjczMC1lY2FhLTExZTYtOGY4OC0zNDM2M2JjN2M0YzAiOnsiY3JlYXRlIjo2MDAwMDAwMDAwMDAsImRlbGV0ZSI6OTAwMDAwMDAwMDAwfSwic2NoZW1hX3ZlcnNpb24iOiIxIn0=",
          "create_before_destroy": true
        }
      ]
    },
    {
      "module": "module.eks.module.eks",
      "mode": "managed",
      "type": "aws_security_group",
      "name": "node",
      "provider": "provider[\"registry.terraform.io/hashicorp/aws\"]",
      "instances": []
    },
    {
      "module": "module.eks.module.eks",
      "mode": "managed",
      "type": "aws_security_group_rule",
      "name": "cluster",
      "provider": "provider[\"registry.terraform.io/hashicorp/aws\"]",
      "instances": [
        {
          "index_key": "ingress_allow_all",
          "schema_version": 2,
          "attributes": {
            "cidr_blocks": [
              "0.0.0.0/0"
            ],
            "description": "Allow all inbound traffic",
            "from_port": 0,
            "id": "sgrule-1505646666",
            "ipv6_cidr_blocks": null,
            "prefix_list_ids": null,
            "protocol": "-1",
            "security_group_id": "sg-0234c7f916c13ba92",
            "security_group_rule_id": "sgr-0ca525f3e028e7a4a",
            "self": false,
            "source_security_group_id": null,
            "timeouts": null,
            "to_port": 0,
            "type": "ingress"
          },
          "sensitive_attributes": [],
          "private": "eyJlMmJmYjczMC1lY2FhLTExZTYtOGY4OC0zNDM2M2JjN2M0YzAiOnsiY3JlYXRlIjozMDAwMDAwMDAwMDB9LCJzY2hlbWFfdmVyc2lvbiI6IjIifQ==",
          "dependencies": [
            "module.eks.module.eks.aws_security_group.cluster",
            "module.eks.module.eks.aws_security_group.node"
          ],
          "create_before_destroy": true
        }
      ]
    },
    {
      "module": "module.eks.module.eks",
      "mode": "managed",
      "type": "aws_security_group_rule",
      "name": "node",
      "provider": "provider[\"registry.terraform.io/hashicorp/aws\"]",
      "instances": []
    },
    {
      "module": "module.eks.module.eks.module.eks_managed_node_group[\"initial\"]",
      "mode": "data",
      "type": "aws_caller_identity",
      "name": "current",
      "provider": "provider[\"registry.terraform.io/hashicorp/aws\"]",
      "instances": [
        {
          "schema_version": 0,
          "attributes": {
            "account_id": "829282483222",
            "arn": "arn:aws:iam::829282483222:user/PhucNguyen",
            "id": "829282483222",
            "user_id": "AIDA4CFIWPQLGPRYBCGQY"
          },
          "sensitive_attributes": []
        }
      ]
    },
    {
      "module": "module.eks.module.eks.module.eks_managed_node_group[\"initial\"]",
      "mode": "data",
      "type": "aws_ec2_instance_type",
      "name": "this",
      "provider": "provider[\"registry.terraform.io/hashicorp/aws\"]",
      "instances": []
    },
    {
      "module": "module.eks.module.eks.module.eks_managed_node_group[\"initial\"]",
      "mode": "data",
      "type": "aws_ec2_instance_type_offerings",
      "name": "this",
      "provider": "provider[\"registry.terraform.io/hashicorp/aws\"]",
      "instances": []
    },
    {
      "module": "module.eks.module.eks.module.eks_managed_node_group[\"initial\"]",
      "mode": "data",
      "type": "aws_iam_policy_document",
      "name": "assume_role_policy",
      "provider": "provider[\"registry.terraform.io/hashicorp/aws\"]",
      "instances": [
        {
          "index_key": 0,
          "schema_version": 0,
          "attributes": {
            "id": "2560088296",
            "json": "{\n  \"Version\": \"2012-10-17\",\n  \"Statement\": [\n    {\n      \"Sid\": \"EKSNodeAssumeRole\",\n      \"Effect\": \"Allow\",\n      \"Action\": \"sts:AssumeRole\",\n      \"Principal\": {\n        \"Service\": \"ec2.amazonaws.com\"\n      }\n    }\n  ]\n}",
            "minified_json": "{\"Version\":\"2012-10-17\",\"Statement\":[{\"Sid\":\"EKSNodeAssumeRole\",\"Effect\":\"Allow\",\"Action\":\"sts:AssumeRole\",\"Principal\":{\"Service\":\"ec2.amazonaws.com\"}}]}",
            "override_json": null,
            "override_policy_documents": null,
            "policy_id": null,
            "source_json": null,
            "source_policy_documents": null,
            "statement": [
              {
                "actions": [
                  "sts:AssumeRole"
                ],
                "condition": [],
                "effect": "Allow",
                "not_actions": [],
                "not_principals": [],
                "not_resources": [],
                "principals": [
                  {
                    "identifiers": [
                      "ec2.amazonaws.com"
                    ],
                    "type": "Service"
                  }
                ],
                "resources": [],
                "sid": "EKSNodeAssumeRole"
              }
            ],
            "version": "2012-10-17"
          },
          "sensitive_attributes": []
        }
      ]
    },
    {
      "module": "module.eks.module.eks.module.eks_managed_node_group[\"initial\"]",
      "mode": "data",
      "type": "aws_partition",
      "name": "current",
      "provider": "provider[\"registry.terraform.io/hashicorp/aws\"]",
      "instances": [
        {
          "schema_version": 0,
          "attributes": {
            "dns_suffix": "amazonaws.com",
            "id": "aws",
            "partition": "aws",
            "reverse_dns_prefix": "com.amazonaws"
          },
          "sensitive_attributes": []
        }
      ]
    },
    {
      "module": "module.eks.module.eks.module.eks_managed_node_group[\"initial\"]",
      "mode": "data",
      "type": "aws_subnets",
      "name": "placement_group",
      "provider": "provider[\"registry.terraform.io/hashicorp/aws\"]",
      "instances": []
    },
    {
      "module": "module.eks.module.eks.module.eks_managed_node_group[\"initial\"]",
      "mode": "managed",
      "type": "aws_iam_role",
      "name": "this",
      "provider": "provider[\"registry.terraform.io/hashicorp/aws\"]",
      "instances": [
        {
          "index_key": 0,
          "schema_version": 0,
          "attributes": {
            "arn": "arn:aws:iam::829282483222:role/initial-eks-node-group-20241001100516887400000002",
            "assume_role_policy": "{\"Statement\":[{\"Action\":\"sts:AssumeRole\",\"Effect\":\"Allow\",\"Principal\":{\"Service\":\"ec2.amazonaws.com\"},\"Sid\":\"EKSNodeAssumeRole\"}],\"Version\":\"2012-10-17\"}",
            "create_date": "2024-10-01T10:05:17Z",
            "description": "EKS managed node group IAM role",
            "force_detach_policies": true,
            "id": "initial-eks-node-group-20241001100516887400000002",
            "inline_policy": [],
            "managed_policy_arns": [],
            "max_session_duration": 3600,
            "name": "initial-eks-node-group-20241001100516887400000002",
            "name_prefix": "initial-eks-node-group-",
            "path": "/",
            "permissions_boundary": "",
            "tags": {
              "Environment": "poc",
              "Template": "base eks_cluster module"
            },
            "tags_all": {
              "Environment": "poc",
              "Template": "base eks_cluster module"
            },
            "unique_id": "AROA4CFIWPQLG7LHJVLNC"
          },
          "sensitive_attributes": [],
          "private": "bnVsbA==",
          "dependencies": [
            "module.eks.module.eks.module.eks_managed_node_group.data.aws_iam_policy_document.assume_role_policy"
          ],
          "create_before_destroy": true
        }
      ]
    },
    {
      "module": "module.eks.module.eks.module.eks_managed_node_group[\"initial\"]",
      "mode": "managed",
      "type": "aws_iam_role_policy_attachment",
      "name": "additional",
      "provider": "provider[\"registry.terraform.io/hashicorp/aws\"]",
      "instances": []
    },
    {
      "module": "module.eks.module.eks.module.eks_managed_node_group[\"initial\"]",
      "mode": "managed",
      "type": "aws_iam_role_policy_attachment",
      "name": "this",
      "provider": "provider[\"registry.terraform.io/hashicorp/aws\"]",
      "instances": [
        {
          "index_key": "AmazonEC2ContainerRegistryReadOnly",
          "schema_version": 0,
          "attributes": {
            "id": "initial-eks-node-group-20241001100516887400000002-20241001100519266400000005",
            "policy_arn": "arn:aws:iam::aws:policy/AmazonEC2ContainerRegistryReadOnly",
            "role": "initial-eks-node-group-20241001100516887400000002"
          },
          "sensitive_attributes": [],
          "private": "bnVsbA==",
          "dependencies": [
            "module.eks.module.eks.module.eks_managed_node_group.aws_iam_role.this",
            "module.eks.module.eks.module.eks_managed_node_group.data.aws_caller_identity.current",
            "module.eks.module.eks.module.eks_managed_node_group.data.aws_iam_policy_document.assume_role_policy",
            "module.eks.module.eks.module.eks_managed_node_group.data.aws_partition.current"
          ],
          "create_before_destroy": true
        },
        {
          "index_key": "AmazonEKSWorkerNodePolicy",
          "schema_version": 0,
          "attributes": {
            "id": "initial-eks-node-group-20241001100516887400000002-20241001100519282400000006",
            "policy_arn": "arn:aws:iam::aws:policy/AmazonEKSWorkerNodePolicy",
            "role": "initial-eks-node-group-20241001100516887400000002"
          },
          "sensitive_attributes": [],
          "private": "bnVsbA==",
          "dependencies": [
            "module.eks.module.eks.module.eks_managed_node_group.aws_iam_role.this",
            "module.eks.module.eks.module.eks_managed_node_group.data.aws_caller_identity.current",
            "module.eks.module.eks.module.eks_managed_node_group.data.aws_iam_policy_document.assume_role_policy",
            "module.eks.module.eks.module.eks_managed_node_group.data.aws_partition.current"
          ],
          "create_before_destroy": true
        },
        {
          "index_key": "AmazonEKS_CNI_Policy",
          "schema_version": 0,
          "attributes": {
            "id": "initial-eks-node-group-20241001100516887400000002-20241001100519320400000007",
            "policy_arn": "arn:aws:iam::aws:policy/AmazonEKS_CNI_Policy",
            "role": "initial-eks-node-group-20241001100516887400000002"
          },
          "sensitive_attributes": [],
          "private": "bnVsbA==",
          "dependencies": [
            "module.eks.module.eks.module.eks_managed_node_group.aws_iam_role.this",
            "module.eks.module.eks.module.eks_managed_node_group.data.aws_caller_identity.current",
            "module.eks.module.eks.module.eks_managed_node_group.data.aws_iam_policy_document.assume_role_policy",
            "module.eks.module.eks.module.eks_managed_node_group.data.aws_partition.current"
          ],
          "create_before_destroy": true
        }
      ]
    },
    {
      "module": "module.eks.module.eks.module.eks_managed_node_group[\"initial\"].module.user_data",
      "mode": "data",
      "type": "cloudinit_config",
      "name": "linux_eks_managed_node_group",
      "provider": "provider[\"registry.terraform.io/hashicorp/cloudinit\"]",
      "instances": []
    },
    {
      "module": "module.eks.module.eks.module.kms",
      "mode": "data",
      "type": "aws_caller_identity",
      "name": "current",
      "provider": "provider[\"registry.terraform.io/hashicorp/aws\"]",
      "instances": [
        {
          "index_key": 0,
          "schema_version": 0,
          "attributes": {
            "account_id": "829282483222",
            "arn": "arn:aws:iam::829282483222:user/PhucNguyen",
            "id": "829282483222",
            "user_id": "AIDA4CFIWPQLGPRYBCGQY"
          },
          "sensitive_attributes": []
        }
      ]
    },
    {
      "module": "module.eks.module.eks.module.kms",
      "mode": "data",
      "type": "aws_partition",
      "name": "current",
      "provider": "provider[\"registry.terraform.io/hashicorp/aws\"]",
      "instances": [
        {
          "index_key": 0,
          "schema_version": 0,
          "attributes": {
            "dns_suffix": "amazonaws.com",
            "id": "aws",
            "partition": "aws",
            "reverse_dns_prefix": "com.amazonaws"
          },
          "sensitive_attributes": []
        }
      ]
    },
    {
      "module": "module.eks_iam",
      "mode": "data",
      "type": "aws_availability_zones",
      "name": "available",
      "provider": "provider[\"registry.terraform.io/hashicorp/aws\"]",
      "instances": [
        {
          "schema_version": 0,
          "attributes": {
            "all_availability_zones": null,
            "exclude_names": null,
            "exclude_zone_ids": null,
            "filter": null,
            "group_names": [
              "ap-southeast-1"
            ],
            "id": "ap-southeast-1",
            "names": [
              "ap-southeast-1a",
              "ap-southeast-1b",
              "ap-southeast-1c"
            ],
            "state": null,
            "timeouts": null,
            "zone_ids": [
              "apse1-az1",
              "apse1-az2",
              "apse1-az3"
            ]
          },
          "sensitive_attributes": []
        }
      ]
    },
    {
      "module": "module.eks_iam",
      "mode": "data",
      "type": "aws_iam_policy_document",
      "name": "assume_role",
      "provider": "provider[\"registry.terraform.io/hashicorp/aws\"]",
      "instances": [
        {
          "schema_version": 0,
          "attributes": {
            "id": "3552664922",
            "json": "{\n  \"Version\": \"2012-10-17\",\n  \"Statement\": [\n    {\n      \"Effect\": \"Allow\",\n      \"Action\": \"sts:AssumeRole\",\n      \"Principal\": {\n        \"Service\": \"eks.amazonaws.com\"\n      }\n    }\n  ]\n}",
            "minified_json": "{\"Version\":\"2012-10-17\",\"Statement\":[{\"Effect\":\"Allow\",\"Action\":\"sts:AssumeRole\",\"Principal\":{\"Service\":\"eks.amazonaws.com\"}}]}",
            "override_json": null,
            "override_policy_documents": null,
            "policy_id": null,
            "source_json": null,
            "source_policy_documents": null,
            "statement": [
              {
                "actions": [
                  "sts:AssumeRole"
                ],
                "condition": [],
                "effect": "Allow",
                "not_actions": [],
                "not_principals": [],
                "not_resources": [],
                "principals": [
                  {
                    "identifiers": [
                      "eks.amazonaws.com"
                    ],
                    "type": "Service"
                  }
                ],
                "resources": [],
                "sid": ""
              }
            ],
            "version": "2012-10-17"
          },
          "sensitive_attributes": []
        }
      ]
    }
  ],
  "check_results": [
    {
      "object_kind": "resource",
      "config_addr": "module.eks.module.eks.module.eks_managed_node_group.module.user_data.null_resource.validate_cluster_service_cidr",
      "status": "unknown",
      "objects": [
        {
          "object_addr": "module.eks.module.eks.module.eks_managed_node_group[\"initial\"].module.user_data.null_resource.validate_cluster_service_cidr",
          "status": "unknown"
        }
      ]
    },
    {
      "object_kind": "resource",
      "config_addr": "module.eks.module.eks.module.self_managed_node_group.module.user_data.null_resource.validate_cluster_service_cidr",
      "status": "pass",
      "objects": null
    }
  ]
}
